
Microsoft Visual Studio Solution File, Format Version 12.00
# Visual Studio 15
VisualStudioVersion = 15.0.27130.2010
MinimumVisualStudioVersion = 10.0.40219.1
Project("{FAE04EC0-301F-11D3-BF4B-00C04F79EFBC}") = "WordpressAutomation", "WordpressAutomation\WordpressAutomation.csproj", "{EEB125C2-1C52-464C-B176-C407D728F6A0}"
EndProject
Project("{FAE04EC0-301F-11D3-BF4B-00C04F79EFBC}") = "WordPressTests", "WordPressTests\WordPressTests.csproj", "{B4282CDF-C3FD-4FB0-884F-CA4F2C9FF0E3}"
EndProject
Global
	GlobalSection(SolutionConfigurationPlatforms) = preSolution
		Debug|Any CPU = Debug|Any CPU
		Release|Any CPU = Release|Any CPU
	EndGlobalSection
	GlobalSection(ProjectConfigurationPlatforms) = postSolution
		{EEB125C2-1C52-464C-B176-C407D728F6A0}.Debug|Any CPU.ActiveCfg = Debug|Any CPU
		{EEB125C2-1C52-464C-B176-C407D728F6A0}.Debug|Any CPU.Build.0 = Debug|Any CPU
		{EEB125C2-1C52-464C-B176-C407D728F6A0}.Release|Any CPU.ActiveCfg = Release|Any CPU
		{EEB125C2-1C52-464C-B176-C407D728F6A0}.Release|Any CPU.Build.0 = Release|Any CPU
		{B4282CDF-C3FD-4FB0-884F-CA4F2C9FF0E3}.Debug|Any CPU.ActiveCfg = Debug|Any CPU
		{B4282CDF-C3FD-4FB0-884F-CA4F2C9FF0E3}.Debug|Any CPU.Build.0 = Debug|Any CPU
		{B4282CDF-C3FD-4FB0-884F-CA4F2C9FF0E3}.Release|Any CPU.ActiveCfg = Release|Any CPU
		{B4282CDF-C3FD-4FB0-884F-CA4F2C9FF0E3}.Release|Any CPU.Build.0 = Release|Any CPU
	EndGlobalSection
	GlobalSection(SolutionProperties) = preSolution
		HideSolutionNode = FALSE
	EndGlobalSection
	GlobalSection(ExtensibilityGlobals) = postSolution
		SolutionGuid = {B78FEAC9-4DBB-4320-AAE2-0862CE800699}
	EndGlobalSection
EndGlobal
